
Microsoft Visual Studio Solution File, Format Version 12.00
# Visual Studio 14
VisualStudioVersion = 14.0.25420.1
MinimumVisualStudioVersion = 10.0.40219.1
Project("{8BC9CEB8-8B4A-11D0-8D11-00A0C91BC942}") = "kcd_vertex_transplanter", "kcd_vertex_transplanter\kcd_vertex_transplanter.vcxproj", "{3464AB7A-C23B-439F-9164-B2616F3C6662}"
EndProject
Global
	GlobalSection(SolutionConfigurationPlatforms) = preSolution
		Debug|x64 = Debug|x64
		Debug|x86 = Debug|x86
		Release|x64 = Release|x64
		Release|x86 = Release|x86
	EndGlobalSection
	GlobalSection(ProjectConfigurationPlatforms) = postSolution
		{3464AB7A-C23B-439F-9164-B2616F3C6662}.Debug|x64.ActiveCfg = Debug|x64
		{3464AB7A-C23B-439F-9164-B2616F3C6662}.Debug|x64.Build.0 = Debug|x64
		{3464AB7A-C23B-439F-9164-B2616F3C6662}.Debug|x86.ActiveCfg = Debug|Win32
		{3464AB7A-C23B-439F-9164-B2616F3C6662}.Debug|x86.Build.0 = Debug|Win32
		{3464AB7A-C23B-439F-9164-B2616F3C6662}.Release|x64.ActiveCfg = Release|x64
		{3464AB7A-C23B-439F-9164-B2616F3C6662}.Release|x64.Build.0 = Release|x64
		{3464AB7A-C23B-439F-9164-B2616F3C6662}.Release|x86.ActiveCfg = Release|Win32
		{3464AB7A-C23B-439F-9164-B2616F3C6662}.Release|x86.Build.0 = Release|Win32
	EndGlobalSection
	GlobalSection(SolutionProperties) = preSolution
		HideSolutionNode = FALSE
	EndGlobalSection
EndGlobal
